
Microsoft Visual Studio Solution File, Format Version 12.00
# Visual Studio Version 17
VisualStudioVersion = 17.4.33122.133
MinimumVisualStudioVersion = 10.0.40219.1
Project("{FAE04EC0-301F-11D3-BF4B-00C04F79EFBC}") = "Stock System", "Stock System.csproj", "{5030C320-9BD3-4A4A-BE7F-1A9ACDD7E315}"
EndProject
Global
	GlobalSection(SolutionConfigurationPlatforms) = preSolution
		Debug|Any CPU = Debug|Any CPU
		Release|Any CPU = Release|Any CPU
	EndGlobalSection
	GlobalSection(ProjectConfigurationPlatforms) = postSolution
		{5030C320-9BD3-4A4A-BE7F-1A9ACDD7E315}.Debug|Any CPU.ActiveCfg = Debug|Any CPU
		{5030C320-9BD3-4A4A-BE7F-1A9ACDD7E315}.Debug|Any CPU.Build.0 = Debug|Any CPU
		{5030C320-9BD3-4A4A-BE7F-1A9ACDD7E315}.Release|Any CPU.ActiveCfg = Release|Any CPU
		{5030C320-9BD3-4A4A-BE7F-1A9ACDD7E315}.Release|Any CPU.Build.0 = Release|Any CPU
	EndGlobalSection
	GlobalSection(SolutionProperties) = preSolution
		HideSolutionNode = FALSE
	EndGlobalSection
	GlobalSection(ExtensibilityGlobals) = postSolution
		SolutionGuid = {C30E5704-1210-45B8-BDB6-16C09081054E}
	EndGlobalSection
EndGlobal
